lockfileVersion: '9.0'

settings:
  autoInstallPeers: true
  excludeLinksFromLockfile: false

importers:

  .:
    dependencies:
      '@reduxjs/toolkit':
        specifier: ^1.9.5
        version: 1.9.7(react-redux@7.2.9(react-dom@19.2.0(react@19.2.0))(react@19.2.0))(react@19.2.0)
      react:
        specifier: ^19.2.0
        version: 19.2.0
      react-dom:
        specifier: ^19.2.0
        version: 19.2.0(react@19.2.0)
      react-redux:
        specifier: 7.2.9
        version: 7.2.9(react-dom@19.2.0(react@19.2.0))(react@19.2.0)
      redux:
        specifier: 5.0.1
        version: 5.0.1
      redux-thunk:
        specifier: 3.1.0
        version: 3.1.0(redux@5.0.1)
    devDependencies:
      '@rsbuild/core':
        specifier: ^1.6.4
        version: 1.6.6
      '@rsbuild/plugin-react':
        specifier: ^1.4.2
        version: 1.4.2(@rsbuild/core@1.6.6)
      '@types/react':
        specifier: ^19.2.4
        version: 19.2.5
      '@types/react-dom':
        specifier: ^19.2.3
        version: 19.2.3(@types/react@19.2.5)
      typescript:
        specifier: ^5.9.3
        version: 5.9.3

packages:

  '@babel/runtime@7.28.4':
    resolution: {integrity: sha512-Q/N6JNWvIvPnLDvjlE1OUBLPQHH6l3CltCEsHIujp45zQUSSh8K+gHnaEX45yAT1nyngnINhvWtzN+Nb9D8RAQ==, tarball: https://artifactory.devops.xiaohongshu.com/artifactory/api/npm/npm-public/@babel/runtime/-/runtime-7.28.4.tgz}
    engines: {node: '>=6.9.0'}

  '@emnapi/core@1.7.1':
    resolution: {integrity: sha512-o1uhUASyo921r2XtHYOHy7gdkGLge8ghBEQHMWmyJFoXlpU58kIrhhN3w26lpQb6dspetweapMn2CSNwQ8I4wg==, tarball: https://artifactory.devops.xiaohongshu.com/artifactory/api/npm/npm-public/@emnapi/core/-/core-1.7.1.tgz}

  '@emnapi/runtime@1.7.1':
    resolution: {integrity: sha512-PVtJr5CmLwYAU9PZDMITZoR5iAOShYREoR45EyyLrbntV50mdePTgUn4AmOw90Ifcj+x2kRjdzr1HP3RrNiHGA==, tarball: https://artifactory.devops.xiaohongshu.com/artifactory/api/npm/npm-public/@emnapi/runtime/-/runtime-1.7.1.tgz}

  '@emnapi/wasi-threads@1.1.0':
    resolution: {integrity: sha512-WI0DdZ8xFSbgMjR1sFsKABJ/C5OnRrjT06JXbZKexJGrDuPTzZdDYfFlsgcCXCyf+suG5QU2e/y1Wo2V/OapLQ==, tarball: https://artifactory.devops.xiaohongshu.com/artifactory/api/npm/npm-public/@emnapi/wasi-threads/-/wasi-threads-1.1.0.tgz}

  '@module-federation/error-codes@0.21.4':
    resolution: {integrity: sha512-ClpL5MereWNXh+EgDjz7w4RrC1JlisQTvXDa1gLxpviHafzNDfdViVmuhi9xXVuj+EYo8KU70Y999KHhk9424Q==, tarball: https://artifactory.devops.xiaohongshu.com/artifactory/api/npm/npm-public/@module-federation/error-codes/-/error-codes-0.21.4.tgz}

  '@module-federation/runtime-core@0.21.4':
    resolution: {integrity: sha512-SGpmoOLGNxZofpTOk6Lxb2ewaoz5wMi93AFYuuJB04HTVcngEK+baNeUZ2D/xewrqNIJoMY6f5maUjVfIIBPUA==, tarball: https://artifactory.devops.xiaohongshu.com/artifactory/api/npm/npm-public/@module-federation/runtime-core/-/runtime-core-0.21.4.tgz}

  '@module-federation/runtime-tools@0.21.4':
    resolution: {integrity: sha512-RzFKaL0DIjSmkn76KZRfzfB6dD07cvID84950jlNQgdyoQFUGkqD80L6rIpVCJTY/R7LzR3aQjHnoqmq4JPo3w==, tarball: https://artifactory.devops.xiaohongshu.com/artifactory/api/npm/npm-public/@module-federation/runtime-tools/-/runtime-tools-0.21.4.tgz}

  '@module-federation/runtime@0.21.4':
    resolution: {integrity: sha512-wgvGqryurVEvkicufJmTG0ZehynCeNLklv8kIk5BLIsWYSddZAE+xe4xov1kgH5fIJQAoQNkRauFFjVNlHoAkA==, tarball: https://artifactory.devops.xiaohongshu.com/artifactory/api/npm/npm-public/@module-federation/runtime/-/runtime-0.21.4.tgz}

  '@module-federation/sdk@0.21.4':
    resolution: {integrity: sha512-tzvhOh/oAfX++6zCDDxuvioHY4Jurf8vcfoCbKFxusjmyKr32GPbwFDazUP+OPhYCc3dvaa9oWU6X/qpUBLfJw==, tarball: https://artifactory.devops.xiaohongshu.com/artifactory/api/npm/npm-public/@module-federation/sdk/-/sdk-0.21.4.tgz}

  '@module-federation/webpack-bundler-runtime@0.21.4':
    resolution: {integrity: sha512-dusmR3uPnQh9u9ChQo3M+GLOuGFthfvnh7WitF/a1eoeTfRmXqnMFsXtZCUK+f/uXf+64874Zj/bhAgbBcVHZA==, tarball: https://artifactory.devops.xiaohongshu.com/artifactory/api/npm/npm-public/@module-federation/webpack-bundler-runtime/-/webpack-bundler-runtime-0.21.4.tgz}

  '@napi-rs/wasm-runtime@1.0.7':
    resolution: {integrity: sha512-SeDnOO0Tk7Okiq6DbXmmBODgOAb9dp9gjlphokTUxmt8U3liIP1ZsozBahH69j/RJv+Rfs6IwUKHTgQYJ/HBAw==, tarball: https://artifactory.devops.xiaohongshu.com/artifactory/api/npm/npm-public/@napi-rs/wasm-runtime/-/wasm-runtime-1.0.7.tgz}

  '@reduxjs/toolkit@1.9.7':
    resolution: {integrity: sha512-t7v8ZPxhhKgOKtU+uyJT13lu4vL7az5aFi4IdoDs/eS548edn2M8Ik9h8fxgvMjGoAUVFSt6ZC1P5cWmQ014QQ==, tarball: https://artifactory.devops.xiaohongshu.com/artifactory/api/npm/npm-public/@reduxjs/toolkit/-/toolkit-1.9.7.tgz}
    peerDependencies:
      react: ^16.9.0 || ^17.0.0 || ^18
      react-redux: ^7.2.1 || ^8.0.2
    peerDependenciesMeta:
      react:
        optional: true
      react-redux:
        optional: true

  '@rsbuild/core@1.6.6':
    resolution: {integrity: sha512-QE1MvRFKDeeQUAwZrCPhEHgvy/XieYQj0aPho1SkkL/M4ruonp/p8ymhUJZE5wFQxIhBHaOvE2gwKnME0XQgKg==, tarball: https://artifactory.devops.xiaohongshu.com/artifactory/api/npm/npm-public/@rsbuild/core/-/core-1.6.6.tgz}
    engines: {node: '>=18.12.0'}
    hasBin: true

  '@rsbuild/plugin-react@1.4.2':
    resolution: {integrity: sha512-2rJb5mOuqVof2aDq4SbB1E65+0n1vjhAADipC88jvZRNuTOulg79fh7R4tsCiBMI4VWq46gSpwekiK8G5bq6jg==, tarball: https://artifactory.devops.xiaohongshu.com/artifactory/api/npm/npm-public/@rsbuild/plugin-react/-/plugin-react-1.4.2.tgz}
    peerDependencies:
      '@rsbuild/core': 1.x

  '@rspack/binding-darwin-arm64@1.6.3':
    resolution: {integrity: sha512-GxjrB5RhxlEoX3uoWtzNPcINPOn6hzqhn00Y164gofwQ6KgvtEJU7DeYXgCq4TQDD1aQbF/lsV1wpzb2LMkQdg==, tarball: https://artifactory.devops.xiaohongshu.com/artifactory/api/npm/npm-public/@rspack/binding-darwin-arm64/-/binding-darwin-arm64-1.6.3.tgz}
    cpu: [arm64]
    os: [darwin]

  '@rspack/binding-darwin-x64@1.6.3':
    resolution: {integrity: sha512-X6TEPwc+FeApTgnzBefc/viuUP7LkqTY1GxltRYuabs8E7bExlmYoyB8KhIlC66NWtgjmcNWvZIkUlr9ZalBkQ==, tarball: https://artifactory.devops.xiaohongshu.com/artifactory/api/npm/npm-public/@rspack/binding-darwin-x64/-/binding-darwin-x64-1.6.3.tgz}
    cpu: [x64]
    os: [darwin]

  '@rspack/binding-linux-arm64-gnu@1.6.3':
    resolution: {integrity: sha512-uid2GjLzRnYNzNuTTS/hUZdYO6bNATWfaeuhGBU8RWrRgB+clJwhZskSwhfVrvmyTXYbHI95CJIPt4TbZ1FRTg==, tarball: https://artifactory.devops.xiaohongshu.com/artifactory/api/npm/npm-public/@rspack/binding-linux-arm64-gnu/-/binding-linux-arm64-gnu-1.6.3.tgz}
    cpu: [arm64]
    os: [linux]

  '@rspack/binding-linux-arm64-musl@1.6.3':
    resolution: {integrity: sha512-ZJqqyEARBAnv9Gj3+0/PGIw87r8Vg0ZEKiRT9u5tPKK01dptF+xGv4xywAlahOeFUik4Dni5aHixbarStzN9Cw==, tarball: https://artifactory.devops.xiaohongshu.com/artifactory/api/npm/npm-public/@rspack/binding-linux-arm64-musl/-/binding-linux-arm64-musl-1.6.3.tgz}
    cpu: [arm64]
    os: [linux]

  '@rspack/binding-linux-x64-gnu@1.6.3':
    resolution: {integrity: sha512-/W8/X3CBGVY7plii5eUzyIEyCKiYx1lqrSVuD1HLlVHvzC4H2Kpk0EwvY2gUhnQRLU0Ym77Sh4PRd1ZOOzP4LQ==, tarball: https://artifactory.devops.xiaohongshu.com/artifactory/api/npm/npm-public/@rspack/binding-linux-x64-gnu/-/binding-linux-x64-gnu-1.6.3.tgz}
    cpu: [x64]
    os: [linux]

  '@rspack/binding-linux-x64-musl@1.6.3':
    resolution: {integrity: sha512-h0Q3aM0fkRCd330DfRGZ9O3nk/rfRyXRX4dEIoLcLAq34VOmp3HZUP7rEy7feiJbuU4Atcvd0MD7U6RLwa1umQ==, tarball: https://artifactory.devops.xiaohongshu.com/artifactory/api/npm/npm-public/@rspack/binding-linux-x64-musl/-/binding-linux-x64-musl-1.6.3.tgz}
    cpu: [x64]
    os: [linux]

  '@rspack/binding-wasm32-wasi@1.6.3':
    resolution: {integrity: sha512-XLCDe+b52kAajlHutsyfh9o+uKQvgis+rLFb3XIJ9FfCcL8opTWVyeGLNHBUBn7cGPXGEYWd0EU9CZJrjV+iVw==, tarball: https://artifactory.devops.xiaohongshu.com/artifactory/api/npm/npm-public/@rspack/binding-wasm32-wasi/-/binding-wasm32-wasi-1.6.3.tgz}
    cpu: [wasm32]

  '@rspack/binding-win32-arm64-msvc@1.6.3':
    resolution: {integrity: sha512-BU3VjyzAf8noYqb7NPuUZu9VVHRH2b+x4Q5A2oqQwEq4JzW/Mrhcd//vnRpSE9HHuezxTpQTtSSsB/YqV7BkDg==, tarball: https://artifactory.devops.xiaohongshu.com/artifactory/api/npm/npm-public/@rspack/binding-win32-arm64-msvc/-/binding-win32-arm64-msvc-1.6.3.tgz}
    cpu: [arm64]
    os: [win32]

  '@rspack/binding-win32-ia32-msvc@1.6.3':
    resolution: {integrity: sha512-W2yHUFra9N8QbBKQC6PcyOwOJbj8qrmechK97XVQAwo0GWGnQKMphivJrbxHOxCz89FGn9kLGRakTH04bHT4MQ==, tarball: https://artifactory.devops.xiaohongshu.com/artifactory/api/npm/npm-public/@rspack/binding-win32-ia32-msvc/-/binding-win32-ia32-msvc-1.6.3.tgz}
    cpu: [ia32]
    os: [win32]

  '@rspack/binding-win32-x64-msvc@1.6.3':
    resolution: {integrity: sha512-mxep+BqhySoWweQSXnUaYAHx+C8IzOTNMJYuAVchXn9bMG6SPAXvZqAF8X/Q+kNg8X7won8Sjz+O+OUw3OTyOQ==, tarball: https://artifactory.devops.xiaohongshu.com/artifactory/api/npm/npm-public/@rspack/binding-win32-x64-msvc/-/binding-win32-x64-msvc-1.6.3.tgz}
    cpu: [x64]
    os: [win32]

  '@rspack/binding@1.6.3':
    resolution: {integrity: sha512-liRgxMjHWDL225c41pH4ZcFtPN48LM0+St3iylwavF5JFSqBv86R/Cv5+M+WLrhcihCQsxDwBofipyosJIFmmA==, tarball: https://artifactory.devops.xiaohongshu.com/artifactory/api/npm/npm-public/@rspack/binding/-/binding-1.6.3.tgz}

  '@rspack/core@1.6.3':
    resolution: {integrity: sha512-03pyxRtpZ9SNwuA4XHLcFG/jmmWqSd4NaXQGrwOHU0UoPKpVPTqkxtQYZLCfeNtDfAA9v2KPqgJ3b40x8nJGeA==, tarball: https://artifactory.devops.xiaohongshu.com/artifactory/api/npm/npm-public/@rspack/core/-/core-1.6.3.tgz}
    engines: {node: '>=18.12.0'}
    peerDependencies:
      '@swc/helpers': '>=0.5.1'
    peerDependenciesMeta:
      '@swc/helpers':
        optional: true

  '@rspack/lite-tapable@1.1.0':
    resolution: {integrity: sha512-E2B0JhYFmVAwdDiG14+DW0Di4Ze4Jg10Pc4/lILUrd5DRCaklduz2OvJ5HYQ6G+hd+WTzqQb3QnDNfK4yvAFYw==, tarball: https://artifactory.devops.xiaohongshu.com/artifactory/api/npm/npm-public/@rspack/lite-tapable/-/lite-tapable-1.1.0.tgz}

  '@rspack/plugin-react-refresh@1.5.3':
    resolution: {integrity: sha512-VOnQMf3YOHkTqJ0+BJbrYga4tQAWNwoAnkgwRauXB4HOyCc5wLfBs9DcOFla/2usnRT3Sq6CMVhXmdPobwAoTA==, tarball: https://artifactory.devops.xiaohongshu.com/artifactory/api/npm/npm-public/@rspack/plugin-react-refresh/-/plugin-react-refresh-1.5.3.tgz}
    peerDependencies:
      react-refresh: '>=0.10.0 <1.0.0'
      webpack-hot-middleware: 2.x
    peerDependenciesMeta:
      webpack-hot-middleware:
        optional: true

  '@swc/helpers@0.5.17':
    resolution: {integrity: sha512-5IKx/Y13RsYd+sauPb2x+U/xZikHjolzfuDgTAl/Tdf3Q8rslRvC19NKDLgAJQ6wsqADk10ntlv08nPFw/gO/A==, tarball: https://artifactory.devops.xiaohongshu.com/artifactory/api/npm/npm-public/@swc/helpers/-/helpers-0.5.17.tgz}

  '@tybys/wasm-util@0.10.1':
    resolution: {integrity: sha512-9tTaPJLSiejZKx+Bmog4uSubteqTvFrVrURwkmHixBo0G4seD0zUxp98E1DzUBJxLQ3NPwXrGKDiVjwx/DpPsg==, tarball: https://artifactory.devops.xiaohongshu.com/artifactory/api/npm/npm-public/@tybys/wasm-util/-/wasm-util-0.10.1.tgz}

  '@types/hoist-non-react-statics@3.3.7':
    resolution: {integrity: sha512-PQTyIulDkIDro8P+IHbKCsw7U2xxBYflVzW/FgWdCAePD9xGSidgA76/GeJ6lBKoblyhf9pBY763gbrN+1dI8g==, tarball: https://artifactory.devops.xiaohongshu.com/artifactory/api/npm/npm-public/@types/hoist-non-react-statics/-/hoist-non-react-statics-3.3.7.tgz}
    peerDependencies:
      '@types/react': '*'

  '@types/react-dom@19.2.3':
    resolution: {integrity: sha512-jp2L/eY6fn+KgVVQAOqYItbF0VY/YApe5Mz2F0aykSO8gx31bYCZyvSeYxCHKvzHG5eZjc+zyaS5BrBWya2+kQ==, tarball: https://artifactory.devops.xiaohongshu.com/artifactory/api/npm/npm-public/@types/react-dom/-/react-dom-19.2.3.tgz}
    peerDependencies:
      '@types/react': ^19.2.0

  '@types/react-redux@7.1.34':
    resolution: {integrity: sha512-GdFaVjEbYv4Fthm2ZLvj1VSCedV7TqE5y1kNwnjSdBOTXuRSgowux6J8TAct15T3CKBr63UMk+2CO7ilRhyrAQ==, tarball: https://artifactory.devops.xiaohongshu.com/artifactory/api/npm/npm-public/@types/react-redux/-/react-redux-7.1.34.tgz}

  '@types/react@19.2.5':
    resolution: {integrity: sha512-keKxkZMqnDicuvFoJbzrhbtdLSPhj/rZThDlKWCDbgXmUg0rEUFtRssDXKYmtXluZlIqiC5VqkCgRwzuyLHKHw==, tarball: https://artifactory.devops.xiaohongshu.com/artifactory/api/npm/npm-public/@types/react/-/react-19.2.5.tgz}

  core-js@3.46.0:
    resolution: {integrity: sha512-vDMm9B0xnqqZ8uSBpZ8sNtRtOdmfShrvT6h2TuQGLs0Is+cR0DYbj/KWP6ALVNbWPpqA/qPLoOuppJN07humpA==, tarball: https://artifactory.devops.xiaohongshu.com/artifactory/api/npm/npm-public/core-js/-/core-js-3.46.0.tgz}

  csstype@3.2.2:
    resolution: {integrity: sha512-D80T+tiqkd/8B0xNlbstWDG4x6aqVfO52+OlSUNIdkTvmNw0uQpJLeos2J/2XvpyidAFuTPmpad+tUxLndwj6g==, tarball: https://artifactory.devops.xiaohongshu.com/artifactory/api/npm/npm-public/csstype/-/csstype-3.2.2.tgz}

  error-stack-parser@2.1.4:
    resolution: {integrity: sha1-IpywHNv6hEQL+pGHYoW5RoAYgoY=, tarball: https://artifactory.devops.xiaohongshu.com/artifactory/api/npm/npm-public/error-stack-parser/download/error-stack-parser-2.1.4.tgz}

  hoist-non-react-statics@3.3.2:
    resolution: {integrity: sha1-7OCsr3HWLClpwuxZ/v9CpLGoW0U=, tarball: https://artifactory.devops.xiaohongshu.com/artifactory/api/npm/npm-public/hoist-non-react-statics/download/hoist-non-react-statics-3.3.2.tgz}

  html-entities@2.6.0:
    resolution: {integrity: sha512-kig+rMn/QOVRvr7c86gQ8lWXq+Hkv6CbAH1hLu+RG338StTpE8Z0b44SDVaqVu7HGKf27frdmUYEs9hTUX/cLQ==, tarball: https://artifactory.devops.xiaohongshu.com/artifactory/api/npm/npm-public/html-entities/-/html-entities-2.6.0.tgz}

  immer@9.0.21:
    resolution: {integrity: sha1-HgJeoxpA8k+wZPH+8j6TFJYzAXY=, tarball: https://artifactory.devops.xiaohongshu.com/artifactory/api/npm/npm-public/immer/download/immer-9.0.21.tgz}

  jiti@2.6.1:
    resolution: {integrity: sha512-ekilCSN1jwRvIbgeg/57YFh8qQDNbwDb9xT/qu2DAHbFFZUicIl4ygVaAvzveMhMVr3LnpSKTNnwt8PoOfmKhQ==, tarball: https://artifactory.devops.xiaohongshu.com/artifactory/api/npm/npm-public/jiti/-/jiti-2.6.1.tgz}
    hasBin: true

  js-tokens@4.0.0:
    resolution: {integrity: sha1-GSA/tZmR35jjoocFDUZHzerzJJk=, tarball: https://artifactory.devops.xiaohongshu.com/artifactory/api/npm/npm-public/js-tokens/download/js-tokens-4.0.0.tgz}

  loose-envify@1.4.0:
    resolution: {integrity: sha1-ce5R+nvkyuwaY4OffmgtgTLTDK8=, tarball: https://artifactory.devops.xiaohongshu.com/artifactory/api/npm/npm-public/loose-envify/download/loose-envify-1.4.0.tgz}
    hasBin: true

  object-assign@4.1.1:
    resolution: {integrity: sha1-IQmtx5ZYh8/AXLvUQsrIv7s2CGM=, tarball: https://artifactory.devops.xiaohongshu.com/artifactory/api/npm/npm-public/object-assign/download/object-assign-4.1.1.tgz}
    engines: {node: '>=0.10.0'}

  prop-types@15.8.1:
    resolution: {integrity: sha1-Z9h78aaU9IQ1zzMsJK8QIUoxQLU=, tarball: https://artifactory.devops.xiaohongshu.com/artifactory/api/npm/npm-public/prop-types/download/prop-types-15.8.1.tgz}

  react-dom@19.2.0:
    resolution: {integrity: sha512-UlbRu4cAiGaIewkPyiRGJk0imDN2T3JjieT6spoL2UeSf5od4n5LB/mQ4ejmxhCFT1tYe8IvaFulzynWovsEFQ==, tarball: https://artifactory.devops.xiaohongshu.com/artifactory/api/npm/npm-public/react-dom/-/react-dom-19.2.0.tgz}
    peerDependencies:
      react: ^19.2.0

  react-is@16.13.1:
    resolution: {integrity: sha1-eJcppNw23imZ3BVt1sHZwYzqVqQ=, tarball: https://artifactory.devops.xiaohongshu.com/artifactory/api/npm/npm-public/react-is/download/react-is-16.13.1.tgz}

  react-is@17.0.2:
    resolution: {integrity: sha1-5pHUqOnHiTZWVVOas3J2Kw77VPA=, tarball: https://artifactory.devops.xiaohongshu.com/artifactory/api/npm/npm-public/react-is/download/react-is-17.0.2.tgz}

  react-redux@7.2.9:
    resolution: {integrity: sha1-CUiPu5QWpO/jc1tyNQVUQrBCSB0=, tarball: https://artifactory.devops.xiaohongshu.com/artifactory/api/npm/npm-public/react-redux/download/react-redux-7.2.9.tgz}
    peerDependencies:
      react: ^16.8.3 || ^17 || ^18
      react-dom: '*'
      react-native: '*'
    peerDependenciesMeta:
      react-dom:
        optional: true
      react-native:
        optional: true

  react-refresh@0.18.0:
    resolution: {integrity: sha512-QgT5//D3jfjJb6Gsjxv0Slpj23ip+HtOpnNgnb2S5zU3CB26G/IDPGoy4RJB42wzFE46DRsstbW6tKHoKbhAxw==, tarball: https://artifactory.devops.xiaohongshu.com/artifactory/api/npm/npm-public/react-refresh/-/react-refresh-0.18.0.tgz}
    engines: {node: '>=0.10.0'}

  react@19.2.0:
    resolution: {integrity: sha512-tmbWg6W31tQLeB5cdIBOicJDJRR2KzXsV7uSK9iNfLWQ5bIZfxuPEHp7M8wiHyHnn0DD1i7w3Zmin0FtkrwoCQ==, tarball: https://artifactory.devops.xiaohongshu.com/artifactory/api/npm/npm-public/react/-/react-19.2.0.tgz}
    engines: {node: '>=0.10.0'}

  redux-thunk@2.4.2:
    resolution: {integrity: sha1-udBdEZlLmfepHqIj6LBM8K+l7zs=, tarball: https://artifactory.devops.xiaohongshu.com/artifactory/api/npm/npm-public/redux-thunk/download/redux-thunk-2.4.2.tgz}
    peerDependencies:
      redux: ^4

  redux-thunk@3.1.0:
    resolution: {integrity: sha512-NW2r5T6ksUKXCabzhL9z+h206HQw/NJkcLm1GPImRQ8IzfXwRGqjVhKJGauHirT0DAuyy6hjdnMZaRoAcy0Klw==, tarball: https://artifactory.devops.xiaohongshu.com/artifactory/api/npm/npm-public/redux-thunk/-/redux-thunk-3.1.0.tgz}
    peerDependencies:
      redux: ^5.0.0

  redux@4.2.1:
    resolution: {integrity: sha1-wI9DBoJsSbXp3JAd7gRS6o/OYZc=, tarball: https://artifactory.devops.xiaohongshu.com/artifactory/api/npm/npm-public/redux/download/redux-4.2.1.tgz}

  redux@5.0.1:
    resolution: {integrity: sha512-M9/ELqF6fy8FwmkpnF0S3YKOqMyoWJ4+CS5Efg2ct3oY9daQvd/Pc71FpGZsVsbl3Cpb+IIcjBDUnnyBdQbq4w==, tarball: https://artifactory.devops.xiaohongshu.com/artifactory/api/npm/npm-public/redux/-/redux-5.0.1.tgz}

  reselect@4.1.8:
    resolution: {integrity: sha1-P13GceoWjczes+FBI29p8C6uxSQ=, tarball: https://artifactory.devops.xiaohongshu.com/artifactory/api/npm/npm-public/reselect/download/reselect-4.1.8.tgz}

  scheduler@0.27.0:
    resolution: {integrity: sha512-eNv+WrVbKu1f3vbYJT/xtiF5syA5HPIMtf9IgY/nKg0sWqzAUEvqY/xm7OcZc/qafLx/iO9FgOmeSAp4v5ti/Q==, tarball: https://artifactory.devops.xiaohongshu.com/artifactory/api/npm/npm-public/scheduler/-/scheduler-0.27.0.tgz}

  stackframe@1.3.4:
    resolution: {integrity: sha1-uIGgBMjBSaXo7+831RsW5BKUMxA=, tarball: https://artifactory.devops.xiaohongshu.com/artifactory/api/npm/npm-public/stackframe/download/stackframe-1.3.4.tgz}

  tslib@2.8.1:
    resolution: {integrity: sha1-YS7+TtI11Wfoq6Xypfq3AoCt6D8=, tarball: https://artifactory.devops.xiaohongshu.com/artifactory/api/npm/npm-public/tslib/download/tslib-2.8.1.tgz}

  typescript@5.9.3:
    resolution: {integrity: sha512-jl1vZzPDinLr9eUt3J/t7V6FgNEw9QjvBPdysz9KfQDD41fQrC2Y4vKQdiaUpFT4bXlb1RHhLpp8wtm6M5TgSw==, tarball: https://artifactory.devops.xiaohongshu.com/artifactory/api/npm/npm-public/typescript/-/typescript-5.9.3.tgz}
    engines: {node: '>=14.17'}
    hasBin: true

snapshots:

  '@babel/runtime@7.28.4': {}

  '@emnapi/core@1.7.1':
    dependencies:
      '@emnapi/wasi-threads': 1.1.0
      tslib: 2.8.1
    optional: true

  '@emnapi/runtime@1.7.1':
    dependencies:
      tslib: 2.8.1
    optional: true

  '@emnapi/wasi-threads@1.1.0':
    dependencies:
      tslib: 2.8.1
    optional: true

  '@module-federation/error-codes@0.21.4': {}

  '@module-federation/runtime-core@0.21.4':
    dependencies:
      '@module-federation/error-codes': 0.21.4
      '@module-federation/sdk': 0.21.4

  '@module-federation/runtime-tools@0.21.4':
    dependencies:
      '@module-federation/runtime': 0.21.4
      '@module-federation/webpack-bundler-runtime': 0.21.4

  '@module-federation/runtime@0.21.4':
    dependencies:
      '@module-federation/error-codes': 0.21.4
      '@module-federation/runtime-core': 0.21.4
      '@module-federation/sdk': 0.21.4

  '@module-federation/sdk@0.21.4': {}

  '@module-federation/webpack-bundler-runtime@0.21.4':
    dependencies:
      '@module-federation/runtime': 0.21.4
      '@module-federation/sdk': 0.21.4

  '@napi-rs/wasm-runtime@1.0.7':
    dependencies:
      '@emnapi/core': 1.7.1
      '@emnapi/runtime': 1.7.1
      '@tybys/wasm-util': 0.10.1
    optional: true

  '@reduxjs/toolkit@1.9.7(react-redux@7.2.9(react-dom@19.2.0(react@19.2.0))(react@19.2.0))(react@19.2.0)':
    dependencies:
      immer: 9.0.21
      redux: 4.2.1
      redux-thunk: 2.4.2(redux@4.2.1)
      reselect: 4.1.8
    optionalDependencies:
      react: 19.2.0
      react-redux: 7.2.9(react-dom@19.2.0(react@19.2.0))(react@19.2.0)

  '@rsbuild/core@1.6.6':
    dependencies:
      '@rspack/core': 1.6.3(@swc/helpers@0.5.17)
      '@rspack/lite-tapable': 1.1.0
      '@swc/helpers': 0.5.17
      core-js: 3.46.0
      jiti: 2.6.1

  '@rsbuild/plugin-react@1.4.2(@rsbuild/core@1.6.6)':
    dependencies:
      '@rsbuild/core': 1.6.6
      '@rspack/plugin-react-refresh': 1.5.3(react-refresh@0.18.0)
      react-refresh: 0.18.0
    transitivePeerDependencies:
      - webpack-hot-middleware

  '@rspack/binding-darwin-arm64@1.6.3':
    optional: true

  '@rspack/binding-darwin-x64@1.6.3':
    optional: true

  '@rspack/binding-linux-arm64-gnu@1.6.3':
    optional: true

  '@rspack/binding-linux-arm64-musl@1.6.3':
    optional: true

  '@rspack/binding-linux-x64-gnu@1.6.3':
    optional: true

  '@rspack/binding-linux-x64-musl@1.6.3':
    optional: true

  '@rspack/binding-wasm32-wasi@1.6.3':
    dependencies:
      '@napi-rs/wasm-runtime': 1.0.7
    optional: true

  '@rspack/binding-win32-arm64-msvc@1.6.3':
    optional: true

  '@rspack/binding-win32-ia32-msvc@1.6.3':
    optional: true

  '@rspack/binding-win32-x64-msvc@1.6.3':
    optional: true

  '@rspack/binding@1.6.3':
    optionalDependencies:
      '@rspack/binding-darwin-arm64': 1.6.3
      '@rspack/binding-darwin-x64': 1.6.3
      '@rspack/binding-linux-arm64-gnu': 1.6.3
      '@rspack/binding-linux-arm64-musl': 1.6.3
      '@rspack/binding-linux-x64-gnu': 1.6.3
      '@rspack/binding-linux-x64-musl': 1.6.3
      '@rspack/binding-wasm32-wasi': 1.6.3
      '@rspack/binding-win32-arm64-msvc': 1.6.3
      '@rspack/binding-win32-ia32-msvc': 1.6.3
      '@rspack/binding-win32-x64-msvc': 1.6.3

  '@rspack/core@1.6.3(@swc/helpers@0.5.17)':
    dependencies:
      '@module-federation/runtime-tools': 0.21.4
      '@rspack/binding': 1.6.3
      '@rspack/lite-tapable': 1.1.0
    optionalDependencies:
      '@swc/helpers': 0.5.17

  '@rspack/lite-tapable@1.1.0': {}

  '@rspack/plugin-react-refresh@1.5.3(react-refresh@0.18.0)':
    dependencies:
      error-stack-parser: 2.1.4
      html-entities: 2.6.0
      react-refresh: 0.18.0

  '@swc/helpers@0.5.17':
    dependencies:
      tslib: 2.8.1

  '@tybys/wasm-util@0.10.1':
    dependencies:
      tslib: 2.8.1
    optional: true

  '@types/hoist-non-react-statics@3.3.7(@types/react@19.2.5)':
    dependencies:
      '@types/react': 19.2.5
      hoist-non-react-statics: 3.3.2

  '@types/react-dom@19.2.3(@types/react@19.2.5)':
    dependencies:
      '@types/react': 19.2.5

  '@types/react-redux@7.1.34':
    dependencies:
      '@types/hoist-non-react-statics': 3.3.7(@types/react@19.2.5)
      '@types/react': 19.2.5
      hoist-non-react-statics: 3.3.2
      redux: 4.2.1

  '@types/react@19.2.5':
    dependencies:
      csstype: 3.2.2

  core-js@3.46.0: {}

  csstype@3.2.2: {}

  error-stack-parser@2.1.4:
    dependencies:
      stackframe: 1.3.4

  hoist-non-react-statics@3.3.2:
    dependencies:
      react-is: 16.13.1

  html-entities@2.6.0: {}

  immer@9.0.21: {}

  jiti@2.6.1: {}

  js-tokens@4.0.0: {}

  loose-envify@1.4.0:
    dependencies:
      js-tokens: 4.0.0

  object-assign@4.1.1: {}

  prop-types@15.8.1:
    dependencies:
      loose-envify: 1.4.0
      object-assign: 4.1.1
      react-is: 16.13.1

  react-dom@19.2.0(react@19.2.0):
    dependencies:
      react: 19.2.0
      scheduler: 0.27.0

  react-is@16.13.1: {}

  react-is@17.0.2: {}

  react-redux@7.2.9(react-dom@19.2.0(react@19.2.0))(react@19.2.0):
    dependencies:
      '@babel/runtime': 7.28.4
      '@types/react-redux': 7.1.34
      hoist-non-react-statics: 3.3.2
      loose-envify: 1.4.0
      prop-types: 15.8.1
      react: 19.2.0
      react-is: 17.0.2
    optionalDependencies:
      react-dom: 19.2.0(react@19.2.0)

  react-refresh@0.18.0: {}

  react@19.2.0: {}

  redux-thunk@2.4.2(redux@4.2.1):
    dependencies:
      redux: 4.2.1

  redux-thunk@3.1.0(redux@5.0.1):
    dependencies:
      redux: 5.0.1

  redux@4.2.1:
    dependencies:
      '@babel/runtime': 7.28.4

  redux@5.0.1: {}

  reselect@4.1.8: {}

  scheduler@0.27.0: {}

  stackframe@1.3.4: {}

  tslib@2.8.1: {}

  typescript@5.9.3: {}
